
Microsoft Visual Studio Solution File, Format Version 12.00
# Visual Studio Version 16
VisualStudioVersion = 16.0.34601.136
MinimumVisualStudioVersion = 10.0.40219.1
Project("{FAE04EC0-301F-11D3-BF4B-00C04F79EFBC}") = "Notepad", "Notepad\Notepad.csproj", "{E3407E9E-3266-4F3C-A30D-57A7AAC48BD6}"
EndProject
Global
	GlobalSection(SolutionConfigurationPlatforms) = preSolution
		Debug|Any CPU = Debug|Any CPU
		Release|Any CPU = Release|Any CPU
	EndGlobalSection
	GlobalSection(ProjectConfigurationPlatforms) = postSolution
		{E3407E9E-3266-4F3C-A30D-57A7AAC48BD6}.Debug|Any CPU.ActiveCfg = Debug|Any CPU
		{E3407E9E-3266-4F3C-A30D-57A7AAC48BD6}.Debug|Any CPU.Build.0 = Debug|Any CPU
		{E3407E9E-3266-4F3C-A30D-57A7AAC48BD6}.Release|Any CPU.ActiveCfg = Release|Any CPU
		{E3407E9E-3266-4F3C-A30D-57A7AAC48BD6}.Release|Any CPU.Build.0 = Release|Any CPU
	EndGlobalSection
	GlobalSection(SolutionProperties) = preSolution
		HideSolutionNode = FALSE
	EndGlobalSection
	GlobalSection(ExtensibilityGlobals) = postSolution
		SolutionGuid = {D08C16CB-FDE0-4F9D-9BA5-0A6BB4C057D0}
	EndGlobalSection
EndGlobal
